PODS:
  - Alamofire (5.9.1)
  - KakaoSDK (2.22.3):
    - KakaoSDKAuth (= 2.22.3)
    - KakaoSDKCert (= 2.22.3)
    - KakaoSDKCommon (= 2.22.3)
    - KakaoSDKFriend (= 2.22.3)
    - KakaoSDKNavi (= 2.22.3)
    - KakaoSDKShare (= 2.22.3)
    - KakaoSDKTalk (= 2.22.3)
    - KakaoSDKTemplate (= 2.22.3)
    - KakaoSDKUser (= 2.22.3)
  - KakaoSDKAuth (2.22.3):
    - KakaoSDKCommon (= 2.22.3)
  - KakaoSDKCert (2.22.3):
    - KakaoSDKCertCore (= 2.22.3)
    - KakaoSDKUser (= 2.22.3)
  - KakaoSDKCertCore (2.22.3)
  - KakaoSDKCommon (2.22.3):
    - KakaoSDKCommon/Common (= 2.22.3)
    - KakaoSDKCommon/Network (= 2.22.3)
  - KakaoSDKCommon/Common (2.22.3)
  - KakaoSDKCommon/Network (2.22.3):
    - Alamofire (~> 5.9.0)
    - KakaoSDKCommon/Common (= 2.22.3)
  - KakaoSDKFriend (2.22.3):
    - KakaoSDKFriendCore (= 2.22.3)
    - KakaoSDKUser (= 2.22.3)
  - KakaoSDKFriendCore (2.22.3)
  - KakaoSDKNavi (2.22.3):
    - KakaoSDKCommon/Common (= 2.22.3)
  - KakaoSDKShare (2.22.3):
    - KakaoSDKCommon (= 2.22.3)
    - KakaoSDKTemplate (= 2.22.3)
  - KakaoSDKTalk (2.22.3):
    - KakaoSDKTemplate (= 2.22.3)
    - KakaoSDKUser (= 2.22.3)
  - KakaoSDKTemplate (2.22.3):
    - KakaoSDKCommon/Common (= 2.22.3)
  - KakaoSDKUser (2.22.3):
    - KakaoSDKAuth (= 2.22.3)
  - NMapsGeometry (1.0.2)
  - NMapsMap (3.18.1):
    - NMapsGeometry

DEPENDENCIES:
  - KakaoSDK
  - KakaoSDKAuth
  - KakaoSDKCommon
  - KakaoSDKUser
  - NMapsGeometry
  - NMapsMap

SPEC REPOS:
  trunk:
    - Alamofire
    - KakaoSDK
    - KakaoSDKAuth
    - KakaoSDKCert
    - KakaoSDKCertCore
    - KakaoSDKCommon
    - KakaoSDKFriend
    - KakaoSDKFriendCore
    - KakaoSDKNavi
    - KakaoSDKShare
    - KakaoSDKTalk
    - KakaoSDKTemplate
    - KakaoSDKUser
    - NMapsGeometry
    - NMapsMap

SPEC CHECKSUMS:
  Alamofire: f36a35757af4587d8e4f4bfa223ad10be2422b8c
  KakaoSDK: 4e87a02628314011103b871d63d73439292db0dd
  KakaoSDKAuth: 6ac329e616e9506b5d6dd5640d79363d066ad835
  KakaoSDKCert: c7e1c803e05c7da421c68948accf192afed6644d
  KakaoSDKCertCore: 87b19d3383502bca2bde152ba96a278da34cf572
  KakaoSDKCommon: 053dbf0438933101244fccd92ebc389ab6bdbaec
  KakaoSDKFriend: 8632714768bfcff24cb516462e0028d0a1250fff
  KakaoSDKFriendCore: 718fe792a908d91f814e7d4f95e1e9051d5cd6c3
  KakaoSDKNavi: b2ab0989258d3d6e80c0eadf8cc8e0d17c200087
  KakaoSDKShare: fbffbb51e3bc3bd9b2df89fd31411d07fa3f0660
  KakaoSDKTalk: d8ccf7e4dcb17a7783c347df91c3f812a55feaad
  KakaoSDKTemplate: 7ea360aa429cdfa1ef6f8cfa1ad06ef112e452b1
  KakaoSDKUser: ad33a38ec7f1da566c882ed498022923198599a7
  NMapsGeometry: 4e02554fa9880ef02ed96b075dc84355d6352479
  NMapsMap: e879088eeee2d1e3b97f0a609076e1824dce2cad

PODFILE CHECKSUM: 0318805777378b3566cd6c4f55da549d511f92b2

COCOAPODS: 1.15.2
