// !$*UTF8*$!
{
	archiveVersion = 1;
	classes = {
	};
	objectVersion = 56;
	objects = {

/* Begin PBXBuildFile section */
		224E2C232C31427F00E69F97 /* UIFont.swift in Sources */ = {isa = PBXBuildFile; fileRef = 224E2C222C31427F00E69F97 /* UIFont.swift */; };
		224E2C2E2C31437A00E69F97 /* Pretendard-Black.otf in Resources */ = {isa = PBXBuildFile; fileRef = 224E2C252C31437900E69F97 /* Pretendard-Black.otf */; };
		224E2C2F2C31437A00E69F97 /* Pretendard-Regular.otf in Resources */ = {isa = PBXBuildFile; fileRef = 224E2C262C31437900E69F97 /* Pretendard-Regular.otf */; };
		224E2C302C31437A00E69F97 /* Pretendard-Medium.otf in Resources */ = {isa = PBXBuildFile; fileRef = 224E2C272C31437900E69F97 /* Pretendard-Medium.otf */; };
		224E2C312C31437A00E69F97 /* Pretendard-Light.otf in Resources */ = {isa = PBXBuildFile; fileRef = 224E2C282C31437900E69F97 /* Pretendard-Light.otf */; };
		224E2C322C31437A00E69F97 /* Pretendard-Bold.otf in Resources */ = {isa = PBXBuildFile; fileRef = 224E2C292C31437900E69F97 /* Pretendard-Bold.otf */; };
		224E2C332C31437A00E69F97 /* Pretendard-Thin.otf in Resources */ = {isa = PBXBuildFile; fileRef = 224E2C2A2C31437A00E69F97 /* Pretendard-Thin.otf */; };
		224E2C342C31437A00E69F97 /* Pretendard-ExtraLight.otf in Resources */ = {isa = PBXBuildFile; fileRef = 224E2C2B2C31437A00E69F97 /* Pretendard-ExtraLight.otf */; };
		224E2C352C31437A00E69F97 /* Pretendard-SemiBold.otf in Resources */ = {isa = PBXBuildFile; fileRef = 224E2C2C2C31437A00E69F97 /* Pretendard-SemiBold.otf */; };
		224E2C362C31437A00E69F97 /* Pretendard-ExtraBold.otf in Resources */ = {isa = PBXBuildFile; fileRef = 224E2C2D2C31437A00E69F97 /* Pretendard-ExtraBold.otf */; };
		224E2C392C32C56F00E69F97 /* FriendGroupingViewController.swift in Sources */ = {isa = PBXBuildFile; fileRef = 224E2C382C32C56E00E69F97 /* FriendGroupingViewController.swift */; };
		22BB25EA2C22E31B00F7585E /* AppDelegate.swift in Sources */ = {isa = PBXBuildFile; fileRef = 22BB25E92C22E31B00F7585E /* AppDelegate.swift */; };
		22BB25EC2C22E31B00F7585E /* SceneDelegate.swift in Sources */ = {isa = PBXBuildFile; fileRef = 22BB25EB2C22E31B00F7585E /* SceneDelegate.swift */; };
		22BB25EE2C22E31B00F7585E /* ViewController.swift in Sources */ = {isa = PBXBuildFile; fileRef = 22BB25ED2C22E31B00F7585E /* ViewController.swift */; };
		22BB25F12C22E31B00F7585E /* Base in Resources */ = {isa = PBXBuildFile; fileRef = 22BB25F02C22E31B00F7585E /* Base */; };
		22BB25F32C22E31E00F7585E /* Assets.xcassets in Resources */ = {isa = PBXBuildFile; fileRef = 22BB25F22C22E31E00F7585E /* Assets.xcassets */; };
		22BB25F62C22E31E00F7585E /* Base in Resources */ = {isa = PBXBuildFile; fileRef = 22BB25F52C22E31E00F7585E /* Base */; };
		22BB26012C22E31E00F7585E /* mumukTests.swift in Sources */ = {isa = PBXBuildFile; fileRef = 22BB26002C22E31E00F7585E /* mumukTests.swift */; };
		22BB260B2C22E31E00F7585E /* mumukUITests.swift in Sources */ = {isa = PBXBuildFile; fileRef = 22BB260A2C22E31E00F7585E /* mumukUITests.swift */; };
		22BB260D2C22E31E00F7585E /* mumukUITestsLaunchTests.swift in Sources */ = {isa = PBXBuildFile; fileRef = 22BB260C2C22E31E00F7585E /* mumukUITestsLaunchTests.swift */; };
		485008082C2C44A800C9A196 /* MapModalViewController.swift in Sources */ = {isa = PBXBuildFile; fileRef = 485008072C2C44A800C9A196 /* MapModalViewController.swift */; };
		4850082A2C2E7E6600C9A196 /* KakaoLoginViewController.swift in Sources */ = {isa = PBXBuildFile; fileRef = 485008292C2E7E6600C9A196 /* KakaoLoginViewController.swift */; };
		64F11BC91D1D83A4DB6E74DC /* Pods_mumuk.framework in Frameworks */ = {isa = PBXBuildFile; fileRef = EEF935B5073A409ECC3986C0 /* Pods_mumuk.framework */; };
		81042E262C29A3DF00EEC5FB /* LoginController.swift in Sources */ = {isa = PBXBuildFile; fileRef = 81042E252C29A3DF00EEC5FB /* LoginController.swift */; };
		81042E2B2C29A6CA00EEC5FB /* NameModel.swift in Sources */ = {isa = PBXBuildFile; fileRef = 81042E2A2C29A6CA00EEC5FB /* NameModel.swift */; };
		81042E2E2C29B67D00EEC5FB /* CustomTextField.swift in Sources */ = {isa = PBXBuildFile; fileRef = 81042E2D2C29B67D00EEC5FB /* CustomTextField.swift */; };
		81042E302C29D72D00EEC5FB /* CustomImageField.swift in Sources */ = {isa = PBXBuildFile; fileRef = 81042E2F2C29D72D00EEC5FB /* CustomImageField.swift */; };
		81042E322C29E23600EEC5FB /* ModalImageSelect.swift in Sources */ = {isa = PBXBuildFile; fileRef = 81042E312C29E23600EEC5FB /* ModalImageSelect.swift */; };
		811168BA2C2E9A7500A09CD3 /* NotificationController.swift in Sources */ = {isa = PBXBuildFile; fileRef = 811168B82C2E9A7500A09CD3 /* NotificationController.swift */; };
		815FE7C72C304E120090BDBE /* TabbarViewController.swift in Sources */ = {isa = PBXBuildFile; fileRef = 815FE7C62C304E120090BDBE /* TabbarViewController.swift */; };
		815FE7CA2C304F3F0090BDBE /* FriendViewController.swift in Sources */ = {isa = PBXBuildFile; fileRef = 815FE7C92C304F3F0090BDBE /* FriendViewController.swift */; };
		815FE7D02C304FA70090BDBE /* MainViewController.swift in Sources */ = {isa = PBXBuildFile; fileRef = 815FE7CF2C304FA70090BDBE /* MainViewController.swift */; };
		815FE7D22C304FC20090BDBE /* MyViewController.swift in Sources */ = {isa = PBXBuildFile; fileRef = 815FE7D12C304FC20090BDBE /* MyViewController.swift */; };
		81F375FA2C2AF3D7006D986F /* CustomCell.swift in Sources */ = {isa = PBXBuildFile; fileRef = 81F375F92C2AF3D7006D986F /* CustomCell.swift */; };
		81F375FC2C2AF93A006D986F /* Model.swift in Sources */ = {isa = PBXBuildFile; fileRef = 81F375FB2C2AF93A006D986F /* Model.swift */; };
		81F375FE2C2B382B006D986F /* ModalImageSelectDelegate.swift in Sources */ = {isa = PBXBuildFile; fileRef = 81F375FD2C2B382B006D986F /* ModalImageSelectDelegate.swift */; };
		BF619F1F540D3EE9DC9B1471 /* Pods_mumukTests.framework in Frameworks */ = {isa = PBXBuildFile; fileRef = 75FD7EC4E59ADDF1619C5816 /* Pods_mumukTests.framework */; };
		E133523A8175EE077E85D140 /* Pods_mumuk_mumukUITests.framework in Frameworks */ = {isa = PBXBuildFile; fileRef = BBCE28BF8D037B1B2A2D8672 /* Pods_mumuk_mumukUITests.framework */; };
/* End PBXBuildFile section */

/* Begin PBXContainerItemProxy section */
		22BB25FD2C22E31E00F7585E /* PBXContainerItemProxy */ = {
			isa = PBXContainerItemProxy;
			containerPortal = 22BB25DE2C22E31A00F7585E /* Project object */;
			proxyType = 1;
			remoteGlobalIDString = 22BB25E52C22E31A00F7585E;
			remoteInfo = mumuk;
		};
		22BB26072C22E31E00F7585E /* PBXContainerItemProxy */ = {
			isa = PBXContainerItemProxy;
			containerPortal = 22BB25DE2C22E31A00F7585E /* Project object */;
			proxyType = 1;
			remoteGlobalIDString = 22BB25E52C22E31A00F7585E;
			remoteInfo = mumuk;
		};
/* End PBXContainerItemProxy section */

/* Begin PBXFileReference section */
		224E2C222C31427F00E69F97 /* UIFont.swift */ = {isa = PBXFileReference; lastKnownFileType = sourcecode.swift; path = UIFont.swift; sourceTree = "<group>"; };
		224E2C252C31437900E69F97 /* Pretendard-Black.otf */ = {isa = PBXFileReference; lastKnownFileType = file; path = "Pretendard-Black.otf"; sourceTree = "<group>"; };
		224E2C262C31437900E69F97 /* Pretendard-Regular.otf */ = {isa = PBXFileReference; lastKnownFileType = file; path = "Pretendard-Regular.otf"; sourceTree = "<group>"; };
		224E2C272C31437900E69F97 /* Pretendard-Medium.otf */ = {isa = PBXFileReference; lastKnownFileType = file; path = "Pretendard-Medium.otf"; sourceTree = "<group>"; };
		224E2C282C31437900E69F97 /* Pretendard-Light.otf */ = {isa = PBXFileReference; lastKnownFileType = file; path = "Pretendard-Light.otf"; sourceTree = "<group>"; };
		224E2C292C31437900E69F97 /* Pretendard-Bold.otf */ = {isa = PBXFileReference; lastKnownFileType = file; path = "Pretendard-Bold.otf"; sourceTree = "<group>"; };
		224E2C2A2C31437A00E69F97 /* Pretendard-Thin.otf */ = {isa = PBXFileReference; lastKnownFileType = file; path = "Pretendard-Thin.otf"; sourceTree = "<group>"; };
		224E2C2B2C31437A00E69F97 /* Pretendard-ExtraLight.otf */ = {isa = PBXFileReference; lastKnownFileType = file; path = "Pretendard-ExtraLight.otf"; sourceTree = "<group>"; };
		224E2C2C2C31437A00E69F97 /* Pretendard-SemiBold.otf */ = {isa = PBXFileReference; lastKnownFileType = file; path = "Pretendard-SemiBold.otf"; sourceTree = "<group>"; };
		224E2C2D2C31437A00E69F97 /* Pretendard-ExtraBold.otf */ = {isa = PBXFileReference; lastKnownFileType = file; path = "Pretendard-ExtraBold.otf"; sourceTree = "<group>"; };
		224E2C382C32C56E00E69F97 /* FriendGroupingViewController.swift */ = {isa = PBXFileReference; lastKnownFileType = sourcecode.swift; path = FriendGroupingViewController.swift; sourceTree = "<group>"; };
		22BB25E62C22E31B00F7585E /* mumuk.app */ = {isa = PBXFileReference; explicitFileType = wrapper.application; includeInIndex = 0; path = mumuk.app; sourceTree = BUILT_PRODUCTS_DIR; };
		22BB25E92C22E31B00F7585E /* AppDelegate.swift */ = {isa = PBXFileReference; lastKnownFileType = sourcecode.swift; path = AppDelegate.swift; sourceTree = "<group>"; };
		22BB25EB2C22E31B00F7585E /* SceneDelegate.swift */ = {isa = PBXFileReference; lastKnownFileType = sourcecode.swift; path = SceneDelegate.swift; sourceTree = "<group>"; };
		22BB25ED2C22E31B00F7585E /* ViewController.swift */ = {isa = PBXFileReference; lastKnownFileType = sourcecode.swift; path = ViewController.swift; sourceTree = "<group>"; };
		22BB25F02C22E31B00F7585E /* Base */ = {isa = PBXFileReference; lastKnownFileType = file.storyboard; name = Base; path = Base.lproj/Main.storyboard; sourceTree = "<group>"; };
		22BB25F22C22E31E00F7585E /* Assets.xcassets */ = {isa = PBXFileReference; lastKnownFileType = folder.assetcatalog; path = Assets.xcassets; sourceTree = "<group>"; };
		22BB25F52C22E31E00F7585E /* Base */ = {isa = PBXFileReference; lastKnownFileType = file.storyboard; name = Base; path = Base.lproj/LaunchScreen.storyboard; sourceTree = "<group>"; };
		22BB25F72C22E31E00F7585E /* Info.plist */ = {isa = PBXFileReference; lastKnownFileType = text.plist.xml; path = Info.plist; sourceTree = "<group>"; };
		22BB25FC2C22E31E00F7585E /* mumukTests.xctest */ = {isa = PBXFileReference; explicitFileType = wrapper.cfbundle; includeInIndex = 0; path = mumukTests.xctest; sourceTree = BUILT_PRODUCTS_DIR; };
		22BB26002C22E31E00F7585E /* mumukTests.swift */ = {isa = PBXFileReference; lastKnownFileType = sourcecode.swift; path = mumukTests.swift; sourceTree = "<group>"; };
		22BB26062C22E31E00F7585E /* mumukUITests.xctest */ = {isa = PBXFileReference; explicitFileType = wrapper.cfbundle; includeInIndex = 0; path = mumukUITests.xctest; sourceTree = BUILT_PRODUCTS_DIR; };
		22BB260A2C22E31E00F7585E /* mumukUITests.swift */ = {isa = PBXFileReference; lastKnownFileType = sourcecode.swift; path = mumukUITests.swift; sourceTree = "<group>"; };
		22BB260C2C22E31E00F7585E /* mumukUITestsLaunchTests.swift */ = {isa = PBXFileReference; lastKnownFileType = sourcecode.swift; path = mumukUITestsLaunchTests.swift; sourceTree = "<group>"; };
		2F75CE00BA15DAFB40D08F53 /* Pods-mumuk.release.xcconfig */ = {isa = PBXFileReference; includeInIndex = 1; lastKnownFileType = text.xcconfig; name = "Pods-mumuk.release.xcconfig"; path = "Target Support Files/Pods-mumuk/Pods-mumuk.release.xcconfig"; sourceTree = "<group>"; };
		485008072C2C44A800C9A196 /* MapModalViewController.swift */ = {isa = PBXFileReference; lastKnownFileType = sourcecode.swift; path = MapModalViewController.swift; sourceTree = "<group>"; };
		485008292C2E7E6600C9A196 /* KakaoLoginViewController.swift */ = {isa = PBXFileReference; lastKnownFileType = sourcecode.swift; path = KakaoLoginViewController.swift; sourceTree = "<group>"; };
		5E5F26A57575343077AB162A /* Pods-mumuk.debug.xcconfig */ = {isa = PBXFileReference; includeInIndex = 1; lastKnownFileType = text.xcconfig; name = "Pods-mumuk.debug.xcconfig"; path = "Target Support Files/Pods-mumuk/Pods-mumuk.debug.xcconfig"; sourceTree = "<group>"; };
		640E081A3AC51898FCC23B17 /* Pods-mumukTests.debug.xcconfig */ = {isa = PBXFileReference; includeInIndex = 1; lastKnownFileType = text.xcconfig; name = "Pods-mumukTests.debug.xcconfig"; path = "Target Support Files/Pods-mumukTests/Pods-mumukTests.debug.xcconfig"; sourceTree = "<group>"; };
		72A3AA56CE3C50E0F787E7FF /* Pods-mumuk-mumukUITests.release.xcconfig */ = {isa = PBXFileReference; includeInIndex = 1; lastKnownFileType = text.xcconfig; name = "Pods-mumuk-mumukUITests.release.xcconfig"; path = "Target Support Files/Pods-mumuk-mumukUITests/Pods-mumuk-mumukUITests.release.xcconfig"; sourceTree = "<group>"; };
		75FD7EC4E59ADDF1619C5816 /* Pods_mumukTests.framework */ = {isa = PBXFileReference; explicitFileType = wrapper.framework; includeInIndex = 0; path = Pods_mumukTests.framework; sourceTree = BUILT_PRODUCTS_DIR; };
		81042E252C29A3DF00EEC5FB /* LoginController.swift */ = {isa = PBXFileReference; lastKnownFileType = sourcecode.swift; path = LoginController.swift; sourceTree = "<group>"; };
		81042E2A2C29A6CA00EEC5FB /* NameModel.swift */ = {isa = PBXFileReference; lastKnownFileType = sourcecode.swift; path = NameModel.swift; sourceTree = "<group>"; };
		81042E2D2C29B67D00EEC5FB /* CustomTextField.swift */ = {isa = PBXFileReference; lastKnownFileType = sourcecode.swift; path = CustomTextField.swift; sourceTree = "<group>"; };
		81042E2F2C29D72D00EEC5FB /* CustomImageField.swift */ = {isa = PBXFileReference; lastKnownFileType = sourcecode.swift; path = CustomImageField.swift; sourceTree = "<group>"; };
		81042E312C29E23600EEC5FB /* ModalImageSelect.swift */ = {isa = PBXFileReference; lastKnownFileType = sourcecode.swift; path = ModalImageSelect.swift; sourceTree = "<group>"; };
		811168B82C2E9A7500A09CD3 /* NotificationController.swift */ = {isa = PBXFileReference; fileEncoding = 4; lastKnownFileType = sourcecode.swift; path = NotificationController.swift; sourceTree = "<group>"; };
		815FE7C62C304E120090BDBE /* TabbarViewController.swift */ = {isa = PBXFileReference; lastKnownFileType = sourcecode.swift; path = TabbarViewController.swift; sourceTree = "<group>"; };
		815FE7C92C304F3F0090BDBE /* FriendViewController.swift */ = {isa = PBXFileReference; lastKnownFileType = sourcecode.swift; path = FriendViewController.swift; sourceTree = "<group>"; };
		815FE7CF2C304FA70090BDBE /* MainViewController.swift */ = {isa = PBXFileReference; lastKnownFileType = sourcecode.swift; path = MainViewController.swift; sourceTree = "<group>"; };
		815FE7D12C304FC20090BDBE /* MyViewController.swift */ = {isa = PBXFileReference; lastKnownFileType = sourcecode.swift; path = MyViewController.swift; sourceTree = "<group>"; };
		81F375F92C2AF3D7006D986F /* CustomCell.swift */ = {isa = PBXFileReference; lastKnownFileType = sourcecode.swift; path = CustomCell.swift; sourceTree = "<group>"; };
		81F375FB2C2AF93A006D986F /* Model.swift */ = {isa = PBXFileReference; lastKnownFileType = sourcecode.swift; path = Model.swift; sourceTree = "<group>"; };
		81F375FD2C2B382B006D986F /* ModalImageSelectDelegate.swift */ = {isa = PBXFileReference; lastKnownFileType = sourcecode.swift; path = ModalImageSelectDelegate.swift; sourceTree = "<group>"; };
		9238CB5C1F3482E1C3C9BC0D /* Pods-mumukTests.release.xcconfig */ = {isa = PBXFileReference; includeInIndex = 1; lastKnownFileType = text.xcconfig; name = "Pods-mumukTests.release.xcconfig"; path = "Target Support Files/Pods-mumukTests/Pods-mumukTests.release.xcconfig"; sourceTree = "<group>"; };
		B77F63327D13AD18BC93FEE2 /* Pods-mumuk-mumukUITests.debug.xcconfig */ = {isa = PBXFileReference; includeInIndex = 1; lastKnownFileType = text.xcconfig; name = "Pods-mumuk-mumukUITests.debug.xcconfig"; path = "Target Support Files/Pods-mumuk-mumukUITests/Pods-mumuk-mumukUITests.debug.xcconfig"; sourceTree = "<group>"; };
		BBCE28BF8D037B1B2A2D8672 /* Pods_mumuk_mumukUITests.framework */ = {isa = PBXFileReference; explicitFileType = wrapper.framework; includeInIndex = 0; path = Pods_mumuk_mumukUITests.framework; sourceTree = BUILT_PRODUCTS_DIR; };
		EEF935B5073A409ECC3986C0 /* Pods_mumuk.framework */ = {isa = PBXFileReference; explicitFileType = wrapper.framework; includeInIndex = 0; path = Pods_mumuk.framework; sourceTree = BUILT_PRODUCTS_DIR; };
/* End PBXFileReference section */

/* Begin PBXFrameworksBuildPhase section */
		22BB25E32C22E31A00F7585E /* Frameworks */ = {
			isa = PBXFrameworksBuildPhase;
			buildActionMask = 2147483647;
			files = (
				64F11BC91D1D83A4DB6E74DC /* Pods_mumuk.framework in Frameworks */,
			);
			runOnlyForDeploymentPostprocessing = 0;
		};
		22BB25F92C22E31E00F7585E /* Frameworks */ = {
			isa = PBXFrameworksBuildPhase;
			buildActionMask = 2147483647;
			files = (
				BF619F1F540D3EE9DC9B1471 /* Pods_mumukTests.framework in Frameworks */,
			);
			runOnlyForDeploymentPostprocessing = 0;
		};
		22BB26032C22E31E00F7585E /* Frameworks */ = {
			isa = PBXFrameworksBuildPhase;
			buildActionMask = 2147483647;
			files = (
				E133523A8175EE077E85D140 /* Pods_mumuk_mumukUITests.framework in Frameworks */,
			);
			runOnlyForDeploymentPostprocessing = 0;
		};
/* End PBXFrameworksBuildPhase section */

/* Begin PBXGroup section */
		224E2C242C31436D00E69F97 /* Fonts */ = {
			isa = PBXGroup;
			children = (
				224E2C252C31437900E69F97 /* Pretendard-Black.otf */,
				224E2C292C31437900E69F97 /* Pretendard-Bold.otf */,
				224E2C2D2C31437A00E69F97 /* Pretendard-ExtraBold.otf */,
				224E2C2B2C31437A00E69F97 /* Pretendard-ExtraLight.otf */,
				224E2C282C31437900E69F97 /* Pretendard-Light.otf */,
				224E2C272C31437900E69F97 /* Pretendard-Medium.otf */,
				224E2C262C31437900E69F97 /* Pretendard-Regular.otf */,
				224E2C2C2C31437A00E69F97 /* Pretendard-SemiBold.otf */,
				224E2C2A2C31437A00E69F97 /* Pretendard-Thin.otf */,
			);
			path = Fonts;
			sourceTree = "<group>";
		};
		224E2C372C32C55900E69F97 /* Grouping */ = {
			isa = PBXGroup;
			children = (
				224E2C382C32C56E00E69F97 /* FriendGroupingViewController.swift */,
			);
			path = Grouping;
			sourceTree = "<group>";
		};
		22BB25DD2C22E31A00F7585E = {
			isa = PBXGroup;
			children = (
				22BB25E82C22E31B00F7585E /* mumuk */,
				22BB25FF2C22E31E00F7585E /* mumukTests */,
				22BB26092C22E31E00F7585E /* mumukUITests */,
				22BB25E72C22E31B00F7585E /* Products */,
				38A09A38CF24C88189E07B52 /* Pods */,
				650F0B59193A5B3A6379C872 /* Frameworks */,
			);
			sourceTree = "<group>";
		};
		22BB25E72C22E31B00F7585E /* Products */ = {
			isa = PBXGroup;
			children = (
				22BB25E62C22E31B00F7585E /* mumuk.app */,
				22BB25FC2C22E31E00F7585E /* mumukTests.xctest */,
				22BB26062C22E31E00F7585E /* mumukUITests.xctest */,
			);
			name = Products;
			sourceTree = "<group>";
		};
		22BB25E82C22E31B00F7585E /* mumuk */ = {
			isa = PBXGroup;
			children = (
				224E2C372C32C55900E69F97 /* Grouping */,
				224E2C242C31436D00E69F97 /* Fonts */,
				815FE7C52C304D1A0090BDBE /* Component */,
				811168B92C2E9A7500A09CD3 /* Notification */,
				81042E2C2C29B65000EEC5FB /* Login */,
				81042E272C29A69C00EEC5FB /* Model */,
				22BB25E92C22E31B00F7585E /* AppDelegate.swift */,
				22BB25EB2C22E31B00F7585E /* SceneDelegate.swift */,
				485008072C2C44A800C9A196 /* MapModalViewController.swift */,
				22BB25ED2C22E31B00F7585E /* ViewController.swift */,
				22BB25EF2C22E31B00F7585E /* Main.storyboard */,
				22BB25F22C22E31E00F7585E /* Assets.xcassets */,
				22BB25F42C22E31E00F7585E /* LaunchScreen.storyboard */,
				22BB25F72C22E31E00F7585E /* Info.plist */,
				224E2C222C31427F00E69F97 /* UIFont.swift */,
			);
			path = mumuk;
			sourceTree = "<group>";
		};
		22BB25FF2C22E31E00F7585E /* mumukTests */ = {
			isa = PBXGroup;
			children = (
				22BB26002C22E31E00F7585E /* mumukTests.swift */,
			);
			path = mumukTests;
			sourceTree = "<group>";
		};
		22BB26092C22E31E00F7585E /* mumukUITests */ = {
			isa = PBXGroup;
			children = (
				22BB260A2C22E31E00F7585E /* mumukUITests.swift */,
				22BB260C2C22E31E00F7585E /* mumukUITestsLaunchTests.swift */,
			);
			path = mumukUITests;
			sourceTree = "<group>";
		};
		38A09A38CF24C88189E07B52 /* Pods */ = {
			isa = PBXGroup;
			children = (
				5E5F26A57575343077AB162A /* Pods-mumuk.debug.xcconfig */,
				2F75CE00BA15DAFB40D08F53 /* Pods-mumuk.release.xcconfig */,
				B77F63327D13AD18BC93FEE2 /* Pods-mumuk-mumukUITests.debug.xcconfig */,
				72A3AA56CE3C50E0F787E7FF /* Pods-mumuk-mumukUITests.release.xcconfig */,
				640E081A3AC51898FCC23B17 /* Pods-mumukTests.debug.xcconfig */,
				9238CB5C1F3482E1C3C9BC0D /* Pods-mumukTests.release.xcconfig */,
			);
			path = Pods;
			sourceTree = "<group>";
		};
		48A2E8B72C2FE3A8007E4CE5 /* Kakao */ = {
			isa = PBXGroup;
			children = (
				485008292C2E7E6600C9A196 /* KakaoLoginViewController.swift */,
			);
			path = Kakao;
			sourceTree = "<group>";
		};
		650F0B59193A5B3A6379C872 /* Frameworks */ = {
			isa = PBXGroup;
			children = (
				EEF935B5073A409ECC3986C0 /* Pods_mumuk.framework */,
				BBCE28BF8D037B1B2A2D8672 /* Pods_mumuk_mumukUITests.framework */,
				75FD7EC4E59ADDF1619C5816 /* Pods_mumukTests.framework */,
			);
			name = Frameworks;
			sourceTree = "<group>";
		};
		81042E272C29A69C00EEC5FB /* Model */ = {
			isa = PBXGroup;
			children = (
				81042E2A2C29A6CA00EEC5FB /* NameModel.swift */,
				81F375FB2C2AF93A006D986F /* Model.swift */,
			);
			path = Model;
			sourceTree = "<group>";
		};
		81042E2C2C29B65000EEC5FB /* Login */ = {
			isa = PBXGroup;
			children = (
				48A2E8B72C2FE3A8007E4CE5 /* Kakao */,
				81042E252C29A3DF00EEC5FB /* LoginController.swift */,
				81042E2F2C29D72D00EEC5FB /* CustomImageField.swift */,
				81042E2D2C29B67D00EEC5FB /* CustomTextField.swift */,
				81042E312C29E23600EEC5FB /* ModalImageSelect.swift */,
				81F375F92C2AF3D7006D986F /* CustomCell.swift */,
				81F375FD2C2B382B006D986F /* ModalImageSelectDelegate.swift */,
			);
			path = Login;
			sourceTree = "<group>";
		};
		811168B92C2E9A7500A09CD3 /* Notification */ = {
			isa = PBXGroup;
			children = (
				811168B82C2E9A7500A09CD3 /* NotificationController.swift */,
			);
			path = Notification;
			sourceTree = "<group>";
		};
		815FE7C52C304D1A0090BDBE /* Component */ = {
			isa = PBXGroup;
			children = (
				815FE7C82C304EB20090BDBE /* Tabbar */,
			);
			path = Component;
			sourceTree = "<group>";
		};
		815FE7C82C304EB20090BDBE /* Tabbar */ = {
			isa = PBXGroup;
			children = (
				815FE7C62C304E120090BDBE /* TabbarViewController.swift */,
				815FE7CF2C304FA70090BDBE /* MainViewController.swift */,
				815FE7C92C304F3F0090BDBE /* FriendViewController.swift */,
				815FE7D12C304FC20090BDBE /* MyViewController.swift */,
			);
			path = Tabbar;
			sourceTree = "<group>";
		};
/* End PBXGroup section */

/* Begin PBXNativeTarget section */
		22BB25E52C22E31A00F7585E /* mumuk */ = {
			isa = PBXNativeTarget;
			buildConfigurationList = 22BB26102C22E31E00F7585E /* Build configuration list for PBXNativeTarget "mumuk" */;
			buildPhases = (
				DA47090CBA6415D1340B4715 /* [CP] Check Pods Manifest.lock */,
				22BB25E22C22E31A00F7585E /* Sources */,
				22BB25E32C22E31A00F7585E /* Frameworks */,
				22BB25E42C22E31A00F7585E /* Resources */,
				D6688DC4CB553F36ABDC7B37 /* [CP] Embed Pods Frameworks */,
			);
			buildRules = (
			);
			dependencies = (
			);
			name = mumuk;
			productName = mumuk;
			productReference = 22BB25E62C22E31B00F7585E /* mumuk.app */;
			productType = "com.apple.product-type.application";
		};
		22BB25FB2C22E31E00F7585E /* mumukTests */ = {
			isa = PBXNativeTarget;
			buildConfigurationList = 22BB26132C22E31E00F7585E /* Build configuration list for PBXNativeTarget "mumukTests" */;
			buildPhases = (
				79FCBB4628EE06031D51C147 /* [CP] Check Pods Manifest.lock */,
				22BB25F82C22E31E00F7585E /* Sources */,
				22BB25F92C22E31E00F7585E /* Frameworks */,
				22BB25FA2C22E31E00F7585E /* Resources */,
			);
			buildRules = (
			);
			dependencies = (
				22BB25FE2C22E31E00F7585E /* PBXTargetDependency */,
			);
			name = mumukTests;
			productName = mumukTests;
			productReference = 22BB25FC2C22E31E00F7585E /* mumukTests.xctest */;
			productType = "com.apple.product-type.bundle.unit-test";
		};
		22BB26052C22E31E00F7585E /* mumukUITests */ = {
			isa = PBXNativeTarget;
			buildConfigurationList = 22BB26162C22E31E00F7585E /* Build configuration list for PBXNativeTarget "mumukUITests" */;
			buildPhases = (
				ED7829191E7060BF1E2F7429 /* [CP] Check Pods Manifest.lock */,
				22BB26022C22E31E00F7585E /* Sources */,
				22BB26032C22E31E00F7585E /* Frameworks */,
				22BB26042C22E31E00F7585E /* Resources */,
				3446E8EAA593964E197C7B22 /* [CP] Embed Pods Frameworks */,
			);
			buildRules = (
			);
			dependencies = (
				22BB26082C22E31E00F7585E /* PBXTargetDependency */,
			);
			name = mumukUITests;
			productName = mumukUITests;
			productReference = 22BB26062C22E31E00F7585E /* mumukUITests.xctest */;
			productType = "com.apple.product-type.bundle.ui-testing";
		};
/* End PBXNativeTarget section */

/* Begin PBXProject section */
		22BB25DE2C22E31A00F7585E /* Project object */ = {
			isa = PBXProject;
			attributes = {
				BuildIndependentTargetsInParallel = 1;
				LastSwiftUpdateCheck = 1540;
				LastUpgradeCheck = 1540;
				TargetAttributes = {
					22BB25E52C22E31A00F7585E = {
						CreatedOnToolsVersion = 15.4;
					};
					22BB25FB2C22E31E00F7585E = {
						CreatedOnToolsVersion = 15.4;
						TestTargetID = 22BB25E52C22E31A00F7585E;
					};
					22BB26052C22E31E00F7585E = {
						CreatedOnToolsVersion = 15.4;
						TestTargetID = 22BB25E52C22E31A00F7585E;
					};
				};
			};
			buildConfigurationList = 22BB25E12C22E31A00F7585E /* Build configuration list for PBXProject "mumuk" */;
			compatibilityVersion = "Xcode 14.0";
			developmentRegion = en;
			hasScannedForEncodings = 0;
			knownRegions = (
				en,
				Base,
			);
			mainGroup = 22BB25DD2C22E31A00F7585E;
			productRefGroup = 22BB25E72C22E31B00F7585E /* Products */;
			projectDirPath = "";
			projectRoot = "";
			targets = (
				22BB25E52C22E31A00F7585E /* mumuk */,
				22BB25FB2C22E31E00F7585E /* mumukTests */,
				22BB26052C22E31E00F7585E /* mumukUITests */,
			);
		};
/* End PBXProject section */

/* Begin PBXResourcesBuildPhase section */
		22BB25E42C22E31A00F7585E /* Resources */ = {
			isa = PBXResourcesBuildPhase;
			buildActionMask = 2147483647;
			files = (
				224E2C352C31437A00E69F97 /* Pretendard-SemiBold.otf in Resources */,
				22BB25F32C22E31E00F7585E /* Assets.xcassets in Resources */,
				224E2C362C31437A00E69F97 /* Pretendard-ExtraBold.otf in Resources */,
				224E2C322C31437A00E69F97 /* Pretendard-Bold.otf in Resources */,
				224E2C342C31437A00E69F97 /* Pretendard-ExtraLight.otf in Resources */,
				22BB25F62C22E31E00F7585E /* Base in Resources */,
				224E2C332C31437A00E69F97 /* Pretendard-Thin.otf in Resources */,
				224E2C2F2C31437A00E69F97 /* Pretendard-Regular.otf in Resources */,
				224E2C2E2C31437A00E69F97 /* Pretendard-Black.otf in Resources */,
				224E2C312C31437A00E69F97 /* Pretendard-Light.otf in Resources */,
				22BB25F12C22E31B00F7585E /* Base in Resources */,
				224E2C302C31437A00E69F97 /* Pretendard-Medium.otf in Resources */,
			);
			runOnlyForDeploymentPostprocessing = 0;
		};
		22BB25FA2C22E31E00F7585E /* Resources */ = {
			isa = PBXResourcesBuildPhase;
			buildActionMask = 2147483647;
			files = (
			);
			runOnlyForDeploymentPostprocessing = 0;
		};
		22BB26042C22E31E00F7585E /* Resources */ = {
			isa = PBXResourcesBuildPhase;
			buildActionMask = 2147483647;
			files = (
			);
			runOnlyForDeploymentPostprocessing = 0;
		};
/* End PBXResourcesBuildPhase section */

/* Begin PBXShellScriptBuildPhase section */
		3446E8EAA593964E197C7B22 /* [CP] Embed Pods Frameworks */ = {
			isa = PBXShellScriptBuildPhase;
			buildActionMask = 2147483647;
			files = (
			);
			inputFileListPaths = (
				"${PODS_ROOT}/Target Support Files/Pods-mumuk-mumukUITests/Pods-mumuk-mumukUITests-frameworks-${CONFIGURATION}-input-files.xcfilelist",
			);
			name = "[CP] Embed Pods Frameworks";
			outputFileListPaths = (
				"${PODS_ROOT}/Target Support Files/Pods-mumuk-mumukUITests/Pods-mumuk-mumukUITests-frameworks-${CONFIGURATION}-output-files.xcfilelist",
			);
			runOnlyForDeploymentPostprocessing = 0;
			shellPath = /bin/sh;
			shellScript = "\"${PODS_ROOT}/Target Support Files/Pods-mumuk-mumukUITests/Pods-mumuk-mumukUITests-frameworks.sh\"\n";
			showEnvVarsInLog = 0;
		};
		79FCBB4628EE06031D51C147 /* [CP] Check Pods Manifest.lock */ = {
			isa = PBXShellScriptBuildPhase;
			buildActionMask = 2147483647;
			files = (
			);
			inputFileListPaths = (
			);
			inputPaths = (
				"${PODS_PODFILE_DIR_PATH}/Podfile.lock",
				"${PODS_ROOT}/Manifest.lock",
			);
			name = "[CP] Check Pods Manifest.lock";
			outputFileListPaths = (
			);
			outputPaths = (
				"$(DERIVED_FILE_DIR)/Pods-mumukTests-checkManifestLockResult.txt",
			);
			runOnlyForDeploymentPostprocessing = 0;
			shellPath = /bin/sh;
			shellScript = "diff \"${PODS_PODFILE_DIR_PATH}/Podfile.lock\" \"${PODS_ROOT}/Manifest.lock\" > /dev/null\nif [ $? != 0 ] ; then\n    # print error to STDERR\n    echo \"error: The sandbox is not in sync with the Podfile.lock. Run 'pod install' or update your CocoaPods installation.\" >&2\n    exit 1\nfi\n# This output is used by Xcode 'outputs' to avoid re-running this script phase.\necho \"SUCCESS\" > \"${SCRIPT_OUTPUT_FILE_0}\"\n";
			showEnvVarsInLog = 0;
		};
		D6688DC4CB553F36ABDC7B37 /* [CP] Embed Pods Frameworks */ = {
			isa = PBXShellScriptBuildPhase;
			buildActionMask = 2147483647;
			files = (
			);
			inputFileListPaths = (
				"${PODS_ROOT}/Target Support Files/Pods-mumuk/Pods-mumuk-frameworks-${CONFIGURATION}-input-files.xcfilelist",
			);
			name = "[CP] Embed Pods Frameworks";
			outputFileListPaths = (
				"${PODS_ROOT}/Target Support Files/Pods-mumuk/Pods-mumuk-frameworks-${CONFIGURATION}-output-files.xcfilelist",
			);
			runOnlyForDeploymentPostprocessing = 0;
			shellPath = /bin/sh;
			shellScript = "\"${PODS_ROOT}/Target Support Files/Pods-mumuk/Pods-mumuk-frameworks.sh\"\n";
			showEnvVarsInLog = 0;
		};
		DA47090CBA6415D1340B4715 /* [CP] Check Pods Manifest.lock */ = {
			isa = PBXShellScriptBuildPhase;
			buildActionMask = 2147483647;
			files = (
			);
			inputFileListPaths = (
			);
			inputPaths = (
				"${PODS_PODFILE_DIR_PATH}/Podfile.lock",
				"${PODS_ROOT}/Manifest.lock",
			);
			name = "[CP] Check Pods Manifest.lock";
			outputFileListPaths = (
			);
			outputPaths = (
				"$(DERIVED_FILE_DIR)/Pods-mumuk-checkManifestLockResult.txt",
			);
			runOnlyForDeploymentPostprocessing = 0;
			shellPath = /bin/sh;
			shellScript = "diff \"${PODS_PODFILE_DIR_PATH}/Podfile.lock\" \"${PODS_ROOT}/Manifest.lock\" > /dev/null\nif [ $? != 0 ] ; then\n    # print error to STDERR\n    echo \"error: The sandbox is not in sync with the Podfile.lock. Run 'pod install' or update your CocoaPods installation.\" >&2\n    exit 1\nfi\n# This output is used by Xcode 'outputs' to avoid re-running this script phase.\necho \"SUCCESS\" > \"${SCRIPT_OUTPUT_FILE_0}\"\n";
			showEnvVarsInLog = 0;
		};
		ED7829191E7060BF1E2F7429 /* [CP] Check Pods Manifest.lock */ = {
			isa = PBXShellScriptBuildPhase;
			buildActionMask = 2147483647;
			files = (
			);
			inputFileListPaths = (
			);
			inputPaths = (
				"${PODS_PODFILE_DIR_PATH}/Podfile.lock",
				"${PODS_ROOT}/Manifest.lock",
			);
			name = "[CP] Check Pods Manifest.lock";
			outputFileListPaths = (
			);
			outputPaths = (
				"$(DERIVED_FILE_DIR)/Pods-mumuk-mumukUITests-checkManifestLockResult.txt",
			);
			runOnlyForDeploymentPostprocessing = 0;
			shellPath = /bin/sh;
			shellScript = "diff \"${PODS_PODFILE_DIR_PATH}/Podfile.lock\" \"${PODS_ROOT}/Manifest.lock\" > /dev/null\nif [ $? != 0 ] ; then\n    # print error to STDERR\n    echo \"error: The sandbox is not in sync with the Podfile.lock. Run 'pod install' or update your CocoaPods installation.\" >&2\n    exit 1\nfi\n# This output is used by Xcode 'outputs' to avoid re-running this script phase.\necho \"SUCCESS\" > \"${SCRIPT_OUTPUT_FILE_0}\"\n";
			showEnvVarsInLog = 0;
		};
/* End PBXShellScriptBuildPhase section */

/* Begin PBXSourcesBuildPhase section */
		22BB25E22C22E31A00F7585E /* Sources */ = {
			isa = PBXSourcesBuildPhase;
			buildActionMask = 2147483647;
			files = (
				4850082A2C2E7E6600C9A196 /* KakaoLoginViewController.swift in Sources */,
				81042E302C29D72D00EEC5FB /* CustomImageField.swift in Sources */,
				485008082C2C44A800C9A196 /* MapModalViewController.swift in Sources */,
				81042E322C29E23600EEC5FB /* ModalImageSelect.swift in Sources */,
				815FE7D22C304FC20090BDBE /* MyViewController.swift in Sources */,
				22BB25EE2C22E31B00F7585E /* ViewController.swift in Sources */,
				81042E2B2C29A6CA00EEC5FB /* NameModel.swift in Sources */,
				81F375FA2C2AF3D7006D986F /* CustomCell.swift in Sources */,
				815FE7D02C304FA70090BDBE /* MainViewController.swift in Sources */,
				81F375FC2C2AF93A006D986F /* Model.swift in Sources */,
				224E2C232C31427F00E69F97 /* UIFont.swift in Sources */,
				815FE7C72C304E120090BDBE /* TabbarViewController.swift in Sources */,
				81F375FE2C2B382B006D986F /* ModalImageSelectDelegate.swift in Sources */,
				81042E2E2C29B67D00EEC5FB /* CustomTextField.swift in Sources */,
				811168BA2C2E9A7500A09CD3 /* NotificationController.swift in Sources */,
				815FE7CA2C304F3F0090BDBE /* FriendViewController.swift in Sources */,
				81042E262C29A3DF00EEC5FB /* LoginController.swift in Sources */,
				22BB25EA2C22E31B00F7585E /* AppDelegate.swift in Sources */,
				22BB25EC2C22E31B00F7585E /* SceneDelegate.swift in Sources */,
				224E2C392C32C56F00E69F97 /* FriendGroupingViewController.swift in Sources */,
			);
			runOnlyForDeploymentPostprocessing = 0;
		};
		22BB25F82C22E31E00F7585E /* Sources */ = {
			isa = PBXSourcesBuildPhase;
			buildActionMask = 2147483647;
			files = (
				22BB26012C22E31E00F7585E /* mumukTests.swift in Sources */,
			);
			runOnlyForDeploymentPostprocessing = 0;
		};
		22BB26022C22E31E00F7585E /* Sources */ = {
			isa = PBXSourcesBuildPhase;
			buildActionMask = 2147483647;
			files = (
				22BB260D2C22E31E00F7585E /* mumukUITestsLaunchTests.swift in Sources */,
				22BB260B2C22E31E00F7585E /* mumukUITests.swift in Sources */,
			);
			runOnlyForDeploymentPostprocessing = 0;
		};
/* End PBXSourcesBuildPhase section */

/* Begin PBXTargetDependency section */
		22BB25FE2C22E31E00F7585E /* PBXTargetDependency */ = {
			isa = PBXTargetDependency;
			target = 22BB25E52C22E31A00F7585E /* mumuk */;
			targetProxy = 22BB25FD2C22E31E00F7585E /* PBXContainerItemProxy */;
		};
		22BB26082C22E31E00F7585E /* PBXTargetDependency */ = {
			isa = PBXTargetDependency;
			target = 22BB25E52C22E31A00F7585E /* mumuk */;
			targetProxy = 22BB26072C22E31E00F7585E /* PBXContainerItemProxy */;
		};
/* End PBXTargetDependency section */

/* Begin PBXVariantGroup section */
		22BB25EF2C22E31B00F7585E /* Main.storyboard */ = {
			isa = PBXVariantGroup;
			children = (
				22BB25F02C22E31B00F7585E /* Base */,
			);
			name = Main.storyboard;
			sourceTree = "<group>";
		};
		22BB25F42C22E31E00F7585E /* LaunchScreen.storyboard */ = {
			isa = PBXVariantGroup;
			children = (
				22BB25F52C22E31E00F7585E /* Base */,
			);
			name = LaunchScreen.storyboard;
			sourceTree = "<group>";
		};
/* End PBXVariantGroup section */

/* Begin XCBuildConfiguration section */
		22BB260E2C22E31E00F7585E /* Debug */ = {
			isa = XCBuildConfiguration;
			buildSettings = {
				ALWAYS_SEARCH_USER_PATHS = NO;
				ASSETCATALOG_COMPILER_GENERATE_SWIFT_ASSET_SYMBOL_EXTENSIONS = YES;
				CLANG_ANALYZER_NONNULL = YES;
				CLANG_ANALYZER_NUMBER_OBJECT_CONVERSION = YES_AGGRESSIVE;
				CLANG_CXX_LANGUAGE_STANDARD = "gnu++20";
				CLANG_ENABLE_MODULES = YES;
				CLANG_ENABLE_OBJC_ARC = YES;
				CLANG_ENABLE_OBJC_WEAK = YES;
				CLANG_WARN_BLOCK_CAPTURE_AUTORELEASING = YES;
				CLANG_WARN_BOOL_CONVERSION = YES;
				CLANG_WARN_COMMA = YES;
				CLANG_WARN_CONSTANT_CONVERSION = YES;
				CLANG_WARN_DEPRECATED_OBJC_IMPLEMENTATIONS = YES;
				CLANG_WARN_DIRECT_OBJC_ISA_USAGE = YES_ERROR;
				CLANG_WARN_DOCUMENTATION_COMMENTS = YES;
				CLANG_WARN_EMPTY_BODY = YES;
				CLANG_WARN_ENUM_CONVERSION = YES;
				CLANG_WARN_INFINITE_RECURSION = YES;
				CLANG_WARN_INT_CONVERSION = YES;
				CLANG_WARN_NON_LITERAL_NULL_CONVERSION = YES;
				CLANG_WARN_OBJC_IMPLICIT_RETAIN_SELF = YES;
				CLANG_WARN_OBJC_LITERAL_CONVERSION = YES;
				CLANG_WARN_OBJC_ROOT_CLASS = YES_ERROR;
				CLANG_WARN_QUOTED_INCLUDE_IN_FRAMEWORK_HEADER = YES;
				CLANG_WARN_RANGE_LOOP_ANALYSIS = YES;
				CLANG_WARN_STRICT_PROTOTYPES = YES;
				CLANG_WARN_SUSPICIOUS_MOVE = YES;
				CLANG_WARN_UNGUARDED_AVAILABILITY = YES_AGGRESSIVE;
				CLANG_WARN_UNREACHABLE_CODE = YES;
				CLANG_WARN__DUPLICATE_METHOD_MATCH = YES;
				COPY_PHASE_STRIP = NO;
				DEBUG_INFORMATION_FORMAT = dwarf;
				ENABLE_STRICT_OBJC_MSGSEND = YES;
				ENABLE_TESTABILITY = YES;
				ENABLE_USER_SCRIPT_SANDBOXING = NO;
				GCC_C_LANGUAGE_STANDARD = gnu17;
				GCC_DYNAMIC_NO_PIC = NO;
				GCC_NO_COMMON_BLOCKS = YES;
				GCC_OPTIMIZATION_LEVEL = 0;
				GCC_PREPROCESSOR_DEFINITIONS = (
					"DEBUG=1",
					"$(inherited)",
				);
				GCC_WARN_64_TO_32_BIT_CONVERSION = YES;
				GCC_WARN_ABOUT_RETURN_TYPE = YES_ERROR;
				GCC_WARN_UNDECLARED_SELECTOR = YES;
				GCC_WARN_UNINITIALIZED_AUTOS = YES_AGGRESSIVE;
				GCC_WARN_UNUSED_FUNCTION = YES;
				GCC_WARN_UNUSED_VARIABLE = YES;
				IPHONEOS_DEPLOYMENT_TARGET = 17.5;
				LOCALIZATION_PREFERS_STRING_CATALOGS = YES;
				MTL_ENABLE_DEBUG_INFO = INCLUDE_SOURCE;
				MTL_FAST_MATH = YES;
				ONLY_ACTIVE_ARCH = YES;
				SDKROOT = iphoneos;
				SWIFT_ACTIVE_COMPILATION_CONDITIONS = "DEBUG $(inherited)";
				SWIFT_OPTIMIZATION_LEVEL = "-Onone";
			};
			name = Debug;
		};
		22BB260F2C22E31E00F7585E /* Release */ = {
			isa = XCBuildConfiguration;
			buildSettings = {
				ALWAYS_SEARCH_USER_PATHS = NO;
				ASSETCATALOG_COMPILER_GENERATE_SWIFT_ASSET_SYMBOL_EXTENSIONS = YES;
				CLANG_ANALYZER_NONNULL = YES;
				CLANG_ANALYZER_NUMBER_OBJECT_CONVERSION = YES_AGGRESSIVE;
				CLANG_CXX_LANGUAGE_STANDARD = "gnu++20";
				CLANG_ENABLE_MODULES = YES;
				CLANG_ENABLE_OBJC_ARC = YES;
				CLANG_ENABLE_OBJC_WEAK = YES;
				CLANG_WARN_BLOCK_CAPTURE_AUTORELEASING = YES;
				CLANG_WARN_BOOL_CONVERSION = YES;
				CLANG_WARN_COMMA = YES;
				CLANG_WARN_CONSTANT_CONVERSION = YES;
				CLANG_WARN_DEPRECATED_OBJC_IMPLEMENTATIONS = YES;
				CLANG_WARN_DIRECT_OBJC_ISA_USAGE = YES_ERROR;
				CLANG_WARN_DOCUMENTATION_COMMENTS = YES;
				CLANG_WARN_EMPTY_BODY = YES;
				CLANG_WARN_ENUM_CONVERSION = YES;
				CLANG_WARN_INFINITE_RECURSION = YES;
				CLANG_WARN_INT_CONVERSION = YES;
				CLANG_WARN_NON_LITERAL_NULL_CONVERSION = YES;
				CLANG_WARN_OBJC_IMPLICIT_RETAIN_SELF = YES;
				CLANG_WARN_OBJC_LITERAL_CONVERSION = YES;
				CLANG_WARN_OBJC_ROOT_CLASS = YES_ERROR;
				CLANG_WARN_QUOTED_INCLUDE_IN_FRAMEWORK_HEADER = YES;
				CLANG_WARN_RANGE_LOOP_ANALYSIS = YES;
				CLANG_WARN_STRICT_PROTOTYPES = YES;
				CLANG_WARN_SUSPICIOUS_MOVE = YES;
				CLANG_WARN_UNGUARDED_AVAILABILITY = YES_AGGRESSIVE;
				CLANG_WARN_UNREACHABLE_CODE = YES;
				CLANG_WARN__DUPLICATE_METHOD_MATCH = YES;
				COPY_PHASE_STRIP = NO;
				DEBUG_INFORMATION_FORMAT = "dwarf-with-dsym";
				ENABLE_NS_ASSERTIONS = NO;
				ENABLE_STRICT_OBJC_MSGSEND = YES;
				ENABLE_USER_SCRIPT_SANDBOXING = NO;
				GCC_C_LANGUAGE_STANDARD = gnu17;
				GCC_NO_COMMON_BLOCKS = YES;
				GCC_WARN_64_TO_32_BIT_CONVERSION = YES;
				GCC_WARN_ABOUT_RETURN_TYPE = YES_ERROR;
				GCC_WARN_UNDECLARED_SELECTOR = YES;
				GCC_WARN_UNINITIALIZED_AUTOS = YES_AGGRESSIVE;
				GCC_WARN_UNUSED_FUNCTION = YES;
				GCC_WARN_UNUSED_VARIABLE = YES;
				IPHONEOS_DEPLOYMENT_TARGET = 17.5;
				LOCALIZATION_PREFERS_STRING_CATALOGS = YES;
				MTL_ENABLE_DEBUG_INFO = NO;
				MTL_FAST_MATH = YES;
				SDKROOT = iphoneos;
				SWIFT_COMPILATION_MODE = wholemodule;
				VALIDATE_PRODUCT = YES;
			};
			name = Release;
		};
		22BB26112C22E31E00F7585E /* Debug */ = {
			isa = XCBuildConfiguration;
			baseConfigurationReference = 5E5F26A57575343077AB162A /* Pods-mumuk.debug.xcconfig */;
			buildSettings = {
				ASSETCATALOG_COMPILER_APPICON_NAME = AppIcon;
				ASSETCATALOG_COMPILER_GLOBAL_ACCENT_COLOR_NAME = AccentColor;
				CODE_SIGN_STYLE = Automatic;
				CURRENT_PROJECT_VERSION = 1;
				DEVELOPMENT_TEAM = 55JW9PZ4J9;
				ENABLE_USER_SCRIPT_SANDBOXING = NO;
				GENERATE_INFOPLIST_FILE = YES;
				INFOPLIST_FILE = mumuk/Info.plist;
				INFOPLIST_KEY_NSLocationAlwaysAndWhenInUseUsageDescription = "위치정보 권한이 필요합니다.";
				INFOPLIST_KEY_NSLocationAlwaysUsageDescription = "위치정보 권한이 필요합니다.";
				INFOPLIST_KEY_NSLocationWhenInUseUsageDescription = "위치정보 권한이 필요합니다.";
				INFOPLIST_KEY_UIApplicationSupportsIndirectInputEvents = YES;
				INFOPLIST_KEY_UILaunchStoryboardName = LaunchScreen;
				INFOPLIST_KEY_UIMainStoryboardFile = Main;
				INFOPLIST_KEY_UISupportedInterfaceOrientations_iPad = "UIInterfaceOrientationPortrait UIInterfaceOrientationPortraitUpsideDown UIInterfaceOrientationLandscapeLeft UIInterfaceOrientationLandscapeRight";
				INFOPLIST_KEY_UISupportedInterfaceOrientations_iPhone = "UIInterfaceOrientationPortrait UIInterfaceOrientationLandscapeLeft UIInterfaceOrientationLandscapeRight";
				LD_RUNPATH_SEARCH_PATHS = (
					"$(inherited)",
					"@executable_path/Frameworks",
				);
				MARKETING_VERSION = 1.0;
				PRODUCT_BUNDLE_IDENTIFIER = com.vamos.mumuk;
				PRODUCT_NAME = "$(TARGET_NAME)";
				SWIFT_EMIT_LOC_STRINGS = YES;
				SWIFT_VERSION = 5.0;
				TARGETED_DEVICE_FAMILY = "1,2";
			};
			name = Debug;
		};
		22BB26122C22E31E00F7585E /* Release */ = {
			isa = XCBuildConfiguration;
			baseConfigurationReference = 2F75CE00BA15DAFB40D08F53 /* Pods-mumuk.release.xcconfig */;
			buildSettings = {
				ASSETCATALOG_COMPILER_APPICON_NAME = AppIcon;
				ASSETCATALOG_COMPILER_GLOBAL_ACCENT_COLOR_NAME = AccentColor;
				CODE_SIGN_STYLE = Automatic;
				CURRENT_PROJECT_VERSION = 1;
				DEVELOPMENT_TEAM = 55JW9PZ4J9;
				ENABLE_USER_SCRIPT_SANDBOXING = NO;
				GENERATE_INFOPLIST_FILE = YES;
				INFOPLIST_FILE = mumuk/Info.plist;
				INFOPLIST_KEY_NSLocationAlwaysAndWhenInUseUsageDescription = "위치정보 권한이 필요합니다.";
				INFOPLIST_KEY_NSLocationAlwaysUsageDescription = "위치정보 권한이 필요합니다.";
				INFOPLIST_KEY_NSLocationWhenInUseUsageDescription = "위치정보 권한이 필요합니다.";
				INFOPLIST_KEY_UIApplicationSupportsIndirectInputEvents = YES;
				INFOPLIST_KEY_UILaunchStoryboardName = LaunchScreen;
				INFOPLIST_KEY_UIMainStoryboardFile = Main;
				INFOPLIST_KEY_UISupportedInterfaceOrientations_iPad = "UIInterfaceOrientationPortrait UIInterfaceOrientationPortraitUpsideDown UIInterfaceOrientationLandscapeLeft UIInterfaceOrientationLandscapeRight";
				INFOPLIST_KEY_UISupportedInterfaceOrientations_iPhone = "UIInterfaceOrientationPortrait UIInterfaceOrientationLandscapeLeft UIInterfaceOrientationLandscapeRight";
				LD_RUNPATH_SEARCH_PATHS = (
					"$(inherited)",
					"@executable_path/Frameworks",
				);
				MARKETING_VERSION = 1.0;
				PRODUCT_BUNDLE_IDENTIFIER = com.vamos.mumuk;
				PRODUCT_NAME = "$(TARGET_NAME)";
				SWIFT_EMIT_LOC_STRINGS = YES;
				SWIFT_VERSION = 5.0;
				TARGETED_DEVICE_FAMILY = "1,2";
			};
			name = Release;
		};
		22BB26142C22E31E00F7585E /* Debug */ = {
			isa = XCBuildConfiguration;
			baseConfigurationReference = 640E081A3AC51898FCC23B17 /* Pods-mumukTests.debug.xcconfig */;
			buildSettings = {
				ALWAYS_EMBED_SWIFT_STANDARD_LIBRARIES = YES;
				BUNDLE_LOADER = "$(TEST_HOST)";
				CODE_SIGN_STYLE = Automatic;
				CURRENT_PROJECT_VERSION = 1;
				GENERATE_INFOPLIST_FILE = YES;
				IPHONEOS_DEPLOYMENT_TARGET = 17.5;
				MARKETING_VERSION = 1.0;
				PRODUCT_BUNDLE_IDENTIFIER = com.vamos.mumukTests;
				PRODUCT_NAME = "$(TARGET_NAME)";
				SWIFT_EMIT_LOC_STRINGS = NO;
				SWIFT_VERSION = 5.0;
				TARGETED_DEVICE_FAMILY = "1,2";
				TEST_HOST = "$(BUILT_PRODUCTS_DIR)/mumuk.app/$(BUNDLE_EXECUTABLE_FOLDER_PATH)/mumuk";
			};
			name = Debug;
		};
		22BB26152C22E31E00F7585E /* Release */ = {
			isa = XCBuildConfiguration;
			baseConfigurationReference = 9238CB5C1F3482E1C3C9BC0D /* Pods-mumukTests.release.xcconfig */;
			buildSettings = {
				ALWAYS_EMBED_SWIFT_STANDARD_LIBRARIES = YES;
				BUNDLE_LOADER = "$(TEST_HOST)";
				CODE_SIGN_STYLE = Automatic;
				CURRENT_PROJECT_VERSION = 1;
				GENERATE_INFOPLIST_FILE = YES;
				IPHONEOS_DEPLOYMENT_TARGET = 17.5;
				MARKETING_VERSION = 1.0;
				PRODUCT_BUNDLE_IDENTIFIER = com.vamos.mumukTests;
				PRODUCT_NAME = "$(TARGET_NAME)";
				SWIFT_EMIT_LOC_STRINGS = NO;
				SWIFT_VERSION = 5.0;
				TARGETED_DEVICE_FAMILY = "1,2";
				TEST_HOST = "$(BUILT_PRODUCTS_DIR)/mumuk.app/$(BUNDLE_EXECUTABLE_FOLDER_PATH)/mumuk";
			};
			name = Release;
		};
		22BB26172C22E31E00F7585E /* Debug */ = {
			isa = XCBuildConfiguration;
			baseConfigurationReference = B77F63327D13AD18BC93FEE2 /* Pods-mumuk-mumukUITests.debug.xcconfig */;
			buildSettings = {
				ALWAYS_EMBED_SWIFT_STANDARD_LIBRARIES = YES;
				CODE_SIGN_STYLE = Automatic;
				CURRENT_PROJECT_VERSION = 1;
				GENERATE_INFOPLIST_FILE = YES;
				MARKETING_VERSION = 1.0;
				PRODUCT_BUNDLE_IDENTIFIER = com.vamos.mumukUITests;
				PRODUCT_NAME = "$(TARGET_NAME)";
				SWIFT_EMIT_LOC_STRINGS = NO;
				SWIFT_VERSION = 5.0;
				TARGETED_DEVICE_FAMILY = "1,2";
				TEST_TARGET_NAME = mumuk;
			};
			name = Debug;
		};
		22BB26182C22E31E00F7585E /* Release */ = {
			isa = XCBuildConfiguration;
			baseConfigurationReference = 72A3AA56CE3C50E0F787E7FF /* Pods-mumuk-mumukUITests.release.xcconfig */;
			buildSettings = {
				ALWAYS_EMBED_SWIFT_STANDARD_LIBRARIES = YES;
				CODE_SIGN_STYLE = Automatic;
				CURRENT_PROJECT_VERSION = 1;
				GENERATE_INFOPLIST_FILE = YES;
				MARKETING_VERSION = 1.0;
				PRODUCT_BUNDLE_IDENTIFIER = com.vamos.mumukUITests;
				PRODUCT_NAME = "$(TARGET_NAME)";
				SWIFT_EMIT_LOC_STRINGS = NO;
				SWIFT_VERSION = 5.0;
				TARGETED_DEVICE_FAMILY = "1,2";
				TEST_TARGET_NAME = mumuk;
			};
			name = Release;
		};
/* End XCBuildConfiguration section */

/* Begin XCConfigurationList section */
		22BB25E12C22E31A00F7585E /* Build configuration list for PBXProject "mumuk" */ = {
			isa = XCConfigurationList;
			buildConfigurations = (
				22BB260E2C22E31E00F7585E /* Debug */,
				22BB260F2C22E31E00F7585E /* Release */,
			);
			defaultConfigurationIsVisible = 0;
			defaultConfigurationName = Release;
		};
		22BB26102C22E31E00F7585E /* Build configuration list for PBXNativeTarget "mumuk" */ = {
			isa = XCConfigurationList;
			buildConfigurations = (
				22BB26112C22E31E00F7585E /* Debug */,
				22BB26122C22E31E00F7585E /* Release */,
			);
			defaultConfigurationIsVisible = 0;
			defaultConfigurationName = Release;
		};
		22BB26132C22E31E00F7585E /* Build configuration list for PBXNativeTarget "mumukTests" */ = {
			isa = XCConfigurationList;
			buildConfigurations = (
				22BB26142C22E31E00F7585E /* Debug */,
				22BB26152C22E31E00F7585E /* Release */,
			);
			defaultConfigurationIsVisible = 0;
			defaultConfigurationName = Release;
		};
		22BB26162C22E31E00F7585E /* Build configuration list for PBXNativeTarget "mumukUITests" */ = {
			isa = XCConfigurationList;
			buildConfigurations = (
				22BB26172C22E31E00F7585E /* Debug */,
				22BB26182C22E31E00F7585E /* Release */,
			);
			defaultConfigurationIsVisible = 0;
			defaultConfigurationName = Release;
		};
/* End XCConfigurationList section */
	};
	rootObject = 22BB25DE2C22E31A00F7585E /* Project object */;
}
